{
  "name": "work_tracking_web",
  "version": "1.0.0",
  "lockfileVersion": 1,
  "requires": true,
  "dependencies": {
    "@jetbrains/kotlin-css": {
      "version": "1.0.0-pre.91",
      "resolved": "https://registry.npmjs.org/@jetbrains/kotlin-css/-/kotlin-css-1.0.0-pre.91.tgz",
      "integrity": "sha512-ucOXXLQRbp9Xd8/HlupzUV5kEd5bj4++I+OqDHOKJ77MvYBeKUrjRDiHRRvavmb0RiNqqnFl8+lFjfgWZ5J1qw=="
    },
    "@jetbrains/kotlin-extensions": {
      "version": "1.0.1-pre.91",
      "resolved": "https://registry.npmjs.org/@jetbrains/kotlin-extensions/-/kotlin-extensions-1.0.1-pre.91.tgz",
      "integrity": "sha512-52aKvXHCjcsYU5k7CCjZEHKOTJ+UQA+B9dQyfXez1axqfedTgOwXL5MngpZ/HmjMuEtuFJVIsGOzTPuBVCmj8Q=="
    },
    "@jetbrains/kotlin-mocha": {
      "version": "3.0.1-pre.91",
      "resolved": "https://registry.npmjs.org/@jetbrains/kotlin-mocha/-/kotlin-mocha-3.0.1-pre.91.tgz",
      "integrity": "sha512-oLH6VBMzzkYylC+v0ZvLXB3tt1AeUbdrEPdodc7OVa0+tsxi/80hZ+gH70h/BsjnTNfi21clxGaYYiIMerCLSw=="
    },
    "@jetbrains/kotlin-react": {
      "version": "16.9.0-pre.91",
      "resolved": "https://registry.npmjs.org/@jetbrains/kotlin-react/-/kotlin-react-16.9.0-pre.91.tgz",
      "integrity": "sha512-cLnSZCGb63DkY3WTtj6lNsVYQhzl/0NwvZ+SM3weFyfQXrMNTA2U0SQ+nR8GkgEpqBAkRe3oc23/g4IPCIjyqQ=="
    },
    "@jetbrains/kotlin-react-dom": {
      "version": "16.9.0-pre.91",
      "resolved": "https://registry.npmjs.org/@jetbrains/kotlin-react-dom/-/kotlin-react-dom-16.9.0-pre.91.tgz",
      "integrity": "sha512-nnWNe/e8auqS7LQhVySzODYP0NUVi4HWSqzI1QEZ+EAv15krmfMdWH8T6iBT8lTkKDHaf7k7E9CU+12atpcqYA=="
    },
    "@jetbrains/kotlin-react-redux": {
      "version": "5.0.7-pre.91",
      "resolved": "https://registry.npmjs.org/@jetbrains/kotlin-react-redux/-/kotlin-react-redux-5.0.7-pre.91.tgz",
      "integrity": "sha512-GG7CFJUTZbTHNB5tqJYs3srSklgSr5pxk/eEqygGOj15/dVR/TS/EaBiwv5Kq+Dw6hhPqFbm5V/LQ34iinx8KQ=="
    },
    "@jetbrains/kotlin-react-router-dom": {
      "version": "4.3.1-pre.91",
      "resolved": "https://registry.npmjs.org/@jetbrains/kotlin-react-router-dom/-/kotlin-react-router-dom-4.3.1-pre.91.tgz",
      "integrity": "sha512-YIhWLbQCKydqgaCSb92D7bAQQc27wf57YgSbtRhFxXc3NuLMnZPszVIe2uSOdXjmaT6CmGMd6n8FwTXasfk12g=="
    },
    "@jetbrains/kotlin-redux": {
      "version": "4.0.0-pre.91",
      "resolved": "https://registry.npmjs.org/@jetbrains/kotlin-redux/-/kotlin-redux-4.0.0-pre.91.tgz",
      "integrity": "sha512-/ioZqPDY6xSBPc7NWDSXWlsnbF1d6Dn4h9wwnio+hN44m769fvOhbKVtpR1N9l2vh87WyQTaKb+u0XljIDlCww=="
    },
    "@jetbrains/kotlin-styled": {
      "version": "1.0.0-pre.91",
      "resolved": "https://registry.npmjs.org/@jetbrains/kotlin-styled/-/kotlin-styled-1.0.0-pre.91.tgz",
      "integrity": "sha512-P4bRlpq9WsXBL9ki7AT+UnPivj/cO6XRhA7P6unRWK59T7d+XLpID0R7NA/FYtcVigOqbu5mMHCElEcr2CMb3g=="
    },
    "kotlin": {
      "version": "1.3.61",
      "resolved": "https://registry.npmjs.org/kotlin/-/kotlin-1.3.61.tgz",
      "integrity": "sha512-r4Z8CbbLsHqY/MZcr9ei28gpf4BIu1S6RaQ71RDBHhd0n7ewm3Ai+YWG0g4BsfciuWdl0lyy86ZVbt4etoGZ2g=="
    },
    "kotlinx-html": {
      "version": "0.7.2",
      "resolved": "https://registry.npmjs.org/kotlinx-html/-/kotlinx-html-0.7.2.tgz",
      "integrity": "sha512-4rjF3O7kR5rHwM+J3KXUVSHpKuzbrE8GEnXx5OFPXgSAbTx7U42vkQTKY3EQNfwqacpOoZjZT2KK9C2QxScGiQ=="
    }
  }
}
